# THIS IS AN AUTOGENERATED FILE. DO NOT EDIT THIS FILE DIRECTLY.
# yarn lockfile v1


"@nuage/uws@^15.11.0":
  version "15.11.0"
  resolved "https://registry.yarnpkg.com/@nuage/uws/-/uws-15.11.0.tgz#c06367165f0bf9962275849e58bbff5aa9c306f2"
  integrity sha512-qMwNSoDpn0qcarBQwponz2UDQ2dv/nBCT6Ez/NfHesI3kvOwblOe3slfnHUczqwGoKL9OUS5MJ+sodHxPt9sNA==

"@types/node@^12.7.5":
  version "12.7.5"
  resolved "https://registry.yarnpkg.com/@types/node/-/node-12.7.5.tgz#e19436e7f8e9b4601005d73673b6dc4784ffcc2f"
  integrity sha512-9fq4jZVhPNW8r+UYKnxF1e2HkDWOWKM5bC2/7c9wPV835I0aOrVbS/Hw/pWPk2uKrNXQqg9Z959Kz+IYDd5p3w==

querystring-number@^1.0.1:
  version "1.0.1"
  resolved "https://registry.yarnpkg.com/querystring-number/-/querystring-number-1.0.1.tgz#14c694e51b04ebf0f3d35e84abc124d97aff34d2"
  integrity sha512-SdTDmouFdVP4dOQkX3VSdUSb106/p+usor3WooinlqjArJN9YcGds6gq0mun8rHGpshHOBO6I6EjPcVfVFAcFg==
